// !$*UTF8*$!
{
	archiveVersion = 1;
	classes = {
	};
	objectVersion = 46;
	objects = {

/* Begin PBXBuildFile section */
		58FC9F633441EBBB6D6A2AD7 /* Pods_Kitz.framework in Frameworks */ = {isa = PBXBuildFile; fileRef = B5353351289109ED7E87011D /* Pods_Kitz.framework */; };
		8254C7D71C26264A009DB3BD /* AppDelegate.swift in Sources */ = {isa = PBXBuildFile; fileRef = 8254C7D61C26264A009DB3BD /* AppDelegate.swift */; };
		8254C7D91C26264A009DB3BD /* MasterViewController.swift in Sources */ = {isa = PBXBuildFile; fileRef = 8254C7D81C26264A009DB3BD /* MasterViewController.swift */; };
		8254C7DB1C26264A009DB3BD /* DetailViewController.swift in Sources */ = {isa = PBXBuildFile; fileRef = 8254C7DA1C26264A009DB3BD /* DetailViewController.swift */; };
		8254C7DE1C26264A009DB3BD /* Main.storyboard in Resources */ = {isa = PBXBuildFile; fileRef = 8254C7DC1C26264A009DB3BD /* Main.storyboard */; };
		8254C7E01C26264A009DB3BD /* Assets.xcassets in Resources */ = {isa = PBXBuildFile; fileRef = 8254C7DF1C26264A009DB3BD /* Assets.xcassets */; };
		8254C7E31C26264A009DB3BD /* LaunchScreen.storyboard in Resources */ = {isa = PBXBuildFile; fileRef = 8254C7E11C26264A009DB3BD /* LaunchScreen.storyboard */; };
		8254C7ED1C262943009DB3BD /* DatezViewController.swift in Sources */ = {isa = PBXBuildFile; fileRef = 8254C7EC1C262943009DB3BD /* DatezViewController.swift */; };
		8254C7EF1C262969009DB3BD /* AppzViewController.swift in Sources */ = {isa = PBXBuildFile; fileRef = 8254C7EE1C262969009DB3BD /* AppzViewController.swift */; };
		8254C7F11C26299E009DB3BD /* NotificationzViewController.swift in Sources */ = {isa = PBXBuildFile; fileRef = 8254C7F01C26299E009DB3BD /* NotificationzViewController.swift */; };
		8254C7F31C2629DE009DB3BD /* StorezViewController.swift in Sources */ = {isa = PBXBuildFile; fileRef = 8254C7F21C2629DE009DB3BD /* StorezViewController.swift */; };
/* End PBXBuildFile section */

/* Begin PBXFileReference section */
		13E80D95A120E9D4EE47AAA8 /* Pods-Kitz.release.xcconfig */ = {isa = PBXFileReference; includeInIndex = 1; lastKnownFileType = text.xcconfig; name = "Pods-Kitz.release.xcconfig"; path = "Pods/Target Support Files/Pods-Kitz/Pods-Kitz.release.xcconfig"; sourceTree = "<group>"; };
		30636EBEB7789DB6B69D9258 /* Pods-Kitz.debug.xcconfig */ = {isa = PBXFileReference; includeInIndex = 1; lastKnownFileType = text.xcconfig; name = "Pods-Kitz.debug.xcconfig"; path = "Pods/Target Support Files/Pods-Kitz/Pods-Kitz.debug.xcconfig"; sourceTree = "<group>"; };
		8254C7D31C26264A009DB3BD /* Kitz.app */ = {isa = PBXFileReference; explicitFileType = wrapper.application; includeInIndex = 0; path = Kitz.app; sourceTree = BUILT_PRODUCTS_DIR; };
		8254C7D61C26264A009DB3BD /* AppDelegate.swift */ = {isa = PBXFileReference; lastKnownFileType = sourcecode.swift; path = AppDelegate.swift; sourceTree = "<group>"; };
		8254C7D81C26264A009DB3BD /* MasterViewController.swift */ = {isa = PBXFileReference; lastKnownFileType = sourcecode.swift; path = MasterViewController.swift; sourceTree = "<group>"; };
		8254C7DA1C26264A009DB3BD /* DetailViewController.swift */ = {isa = PBXFileReference; lastKnownFileType = sourcecode.swift; path = DetailViewController.swift; sourceTree = "<group>"; };
		8254C7DD1C26264A009DB3BD /* Base */ = {isa = PBXFileReference; lastKnownFileType = file.storyboard; name = Base; path = Base.lproj/Main.storyboard; sourceTree = "<group>"; };
		8254C7DF1C26264A009DB3BD /* Assets.xcassets */ = {isa = PBXFileReference; lastKnownFileType = folder.assetcatalog; path = Assets.xcassets; sourceTree = "<group>"; };
		8254C7E21C26264A009DB3BD /* Base */ = {isa = PBXFileReference; lastKnownFileType = file.storyboard; name = Base; path = Base.lproj/LaunchScreen.storyboard; sourceTree = "<group>"; };
		8254C7E41C26264A009DB3BD /* Info.plist */ = {isa = PBXFileReference; lastKnownFileType = text.plist.xml; path = Info.plist; sourceTree = "<group>"; };
		8254C7EC1C262943009DB3BD /* DatezViewController.swift */ = {isa = PBXFileReference; fileEncoding = 4; lastKnownFileType = sourcecode.swift; path = DatezViewController.swift; sourceTree = "<group>"; };
		8254C7EE1C262969009DB3BD /* AppzViewController.swift */ = {isa = PBXFileReference; fileEncoding = 4; lastKnownFileType = sourcecode.swift; path = AppzViewController.swift; sourceTree = "<group>"; };
		8254C7F01C26299E009DB3BD /* NotificationzViewController.swift */ = {isa = PBXFileReference; fileEncoding = 4; lastKnownFileType = sourcecode.swift; path = NotificationzViewController.swift; sourceTree = "<group>"; };
		8254C7F21C2629DE009DB3BD /* StorezViewController.swift */ = {isa = PBXFileReference; fileEncoding = 4; lastKnownFileType = sourcecode.swift; path = StorezViewController.swift; sourceTree = "<group>"; };
		B5353351289109ED7E87011D /* Pods_Kitz.framework */ = {isa = PBXFileReference; explicitFileType = wrapper.framework; includeInIndex = 0; path = Pods_Kitz.framework; sourceTree = BUILT_PRODUCTS_DIR; };
/* End PBXFileReference section */

/* Begin PBXFrameworksBuildPhase section */
		8254C7D01C26264A009DB3BD /* Frameworks */ = {
			isa = PBXFrameworksBuildPhase;
			buildActionMask = 2147483647;
			files = (
				58FC9F633441EBBB6D6A2AD7 /* Pods_Kitz.framework in Frameworks */,
			);
			runOnlyForDeploymentPostprocessing = 0;
		};
/* End PBXFrameworksBuildPhase section */

/* Begin PBXGroup section */
		0C0FD14D31F50AE060B69978 /* Frameworks */ = {
			isa = PBXGroup;
			children = (
				B5353351289109ED7E87011D /* Pods_Kitz.framework */,
			);
			name = Frameworks;
			sourceTree = "<group>";
		};
		8254C7CA1C26264A009DB3BD = {
			isa = PBXGroup;
			children = (
				8254C7D51C26264A009DB3BD /* Kitz */,
				8254C7D41C26264A009DB3BD /* Products */,
				F5D3448BF343BA92FECB1080 /* Pods */,
				0C0FD14D31F50AE060B69978 /* Frameworks */,
			);
			sourceTree = "<group>";
		};
		8254C7D41C26264A009DB3BD /* Products */ = {
			isa = PBXGroup;
			children = (
				8254C7D31C26264A009DB3BD /* Kitz.app */,
			);
			name = Products;
			sourceTree = "<group>";
		};
		8254C7D51C26264A009DB3BD /* Kitz */ = {
			isa = PBXGroup;
			children = (
				8254C7EB1C262906009DB3BD /* DetailControllers */,
				8254C7D61C26264A009DB3BD /* AppDelegate.swift */,
				8254C7D81C26264A009DB3BD /* MasterViewController.swift */,
				8254C7DA1C26264A009DB3BD /* DetailViewController.swift */,
				8254C7DC1C26264A009DB3BD /* Main.storyboard */,
				8254C7DF1C26264A009DB3BD /* Assets.xcassets */,
				8254C7E11C26264A009DB3BD /* LaunchScreen.storyboard */,
				8254C7E41C26264A009DB3BD /* Info.plist */,
			);
			path = Kitz;
			sourceTree = "<group>";
		};
		8254C7EB1C262906009DB3BD /* DetailControllers */ = {
			isa = PBXGroup;
			children = (
				8254C7EE1C262969009DB3BD /* AppzViewController.swift */,
				8254C7EC1C262943009DB3BD /* DatezViewController.swift */,
				8254C7F01C26299E009DB3BD /* NotificationzViewController.swift */,
				8254C7F21C2629DE009DB3BD /* StorezViewController.swift */,
			);
			path = DetailControllers;
			sourceTree = "<group>";
		};
		F5D3448BF343BA92FECB1080 /* Pods */ = {
			isa = PBXGroup;
			children = (
				30636EBEB7789DB6B69D9258 /* Pods-Kitz.debug.xcconfig */,
				13E80D95A120E9D4EE47AAA8 /* Pods-Kitz.release.xcconfig */,
			);
			name = Pods;
			sourceTree = "<group>";
		};
/* End PBXGroup section */

/* Begin PBXNativeTarget section */
		8254C7D21C26264A009DB3BD /* Kitz */ = {
			isa = PBXNativeTarget;
			buildConfigurationList = 8254C7E71C26264A009DB3BD /* Build configuration list for PBXNativeTarget "Kitz" */;
			buildPhases = (
				507E3DA1725199FB9299AE85 /* Check Pods Manifest.lock */,
				8254C7CF1C26264A009DB3BD /* Sources */,
				8254C7D01C26264A009DB3BD /* Frameworks */,
				8254C7D11C26264A009DB3BD /* Resources */,
				EABEEACFFEA1C462665C4CBA /* Embed Pods Frameworks */,
				A9826E567E8B0C107CFCAE61 /* Copy Pods Resources */,
			);
			buildRules = (
			);
			dependencies = (
			);
			name = Kitz;
			productName = Kitz;
			productReference = 8254C7D31C26264A009DB3BD /* Kitz.app */;
			productType = "com.apple.product-type.application";
		};
/* End PBXNativeTarget section */

/* Begin PBXProject section */
		8254C7CB1C26264A009DB3BD /* Project object */ = {
			isa = PBXProject;
			attributes = {
				LastSwiftUpdateCheck = 0720;
				LastUpgradeCheck = 0720;
				ORGANIZATIONNAME = kitz;
				TargetAttributes = {
					8254C7D21C26264A009DB3BD = {
						CreatedOnToolsVersion = 7.2;
					};
				};
			};
			buildConfigurationList = 8254C7CE1C26264A009DB3BD /* Build configuration list for PBXProject "Kitz" */;
			compatibilityVersion = "Xcode 3.2";
			developmentRegion = English;
			hasScannedForEncodings = 0;
			knownRegions = (
				en,
				Base,
			);
			mainGroup = 8254C7CA1C26264A009DB3BD;
			productRefGroup = 8254C7D41C26264A009DB3BD /* Products */;
			projectDirPath = "";
			projectRoot = "";
			targets = (
				8254C7D21C26264A009DB3BD /* Kitz */,
			);
		};
/* End PBXProject section */

/* Begin PBXResourcesBuildPhase section */
		8254C7D11C26264A009DB3BD /* Resources */ = {
			isa = PBXResourcesBuildPhase;
			buildActionMask = 2147483647;
			files = (
				8254C7E31C26264A009DB3BD /* LaunchScreen.storyboard in Resources */,
				8254C7E01C26264A009DB3BD /* Assets.xcassets in Resources */,
				8254C7DE1C26264A009DB3BD /* Main.storyboard in Resources */,
			);
			runOnlyForDeploymentPostprocessing = 0;
		};
/* End PBXResourcesBuildPhase section */

/* Begin PBXShellScriptBuildPhase section */
		507E3DA1725199FB9299AE85 /* Check Pods Manifest.lock */ = {
			isa = PBXShellScriptBuildPhase;
			buildActionMask = 2147483647;
			files = (
			);
			inputPaths = (
			);
			name = "Check Pods Manifest.lock";
			outputPaths = (
			);
			runOnlyForDeploymentPostprocessing = 0;
			shellPath = /bin/sh;
			shellScript = "diff \"${PODS_ROOT}/../Podfile.lock\" \"${PODS_ROOT}/Manifest.lock\" > /dev/null\nif [[ $? != 0 ]] ; then\n    cat << EOM\nerror: The sandbox is not in sync with the Podfile.lock. Run 'pod install' or update your CocoaPods installation.\nEOM\n    exit 1\nfi\n";
			showEnvVarsInLog = 0;
		};
		A9826E567E8B0C107CFCAE61 /* Copy Pods Resources */ = {
			isa = PBXShellScriptBuildPhase;
			buildActionMask = 2147483647;
			files = (
			);
			inputPaths = (
			);
			name = "Copy Pods Resources";
			outputPaths = (
			);
			runOnlyForDeploymentPostprocessing = 0;
			shellPath = /bin/sh;
			shellScript = "\"${SRCROOT}/Pods/Target Support Files/Pods-Kitz/Pods-Kitz-resources.sh\"\n";
			showEnvVarsInLog = 0;
		};
		EABEEACFFEA1C462665C4CBA /* Embed Pods Frameworks */ = {
			isa = PBXShellScriptBuildPhase;
			buildActionMask = 2147483647;
			files = (
			);
			inputPaths = (
			);
			name = "Embed Pods Frameworks";
			outputPaths = (
			);
			runOnlyForDeploymentPostprocessing = 0;
			shellPath = /bin/sh;
			shellScript = "\"${SRCROOT}/Pods/Target Support Files/Pods-Kitz/Pods-Kitz-frameworks.sh\"\n";
			showEnvVarsInLog = 0;
		};
/* End PBXShellScriptBuildPhase section */

/* Begin PBXSourcesBuildPhase section */
		8254C7CF1C26264A009DB3BD /* Sources */ = {
			isa = PBXSourcesBuildPhase;
			buildActionMask = 2147483647;
			files = (
				8254C7DB1C26264A009DB3BD /* DetailViewController.swift in Sources */,
				8254C7F31C2629DE009DB3BD /* StorezViewController.swift in Sources */,
				8254C7D91C26264A009DB3BD /* MasterViewController.swift in Sources */,
				8254C7F11C26299E009DB3BD /* NotificationzViewController.swift in Sources */,
				8254C7D71C26264A009DB3BD /* AppDelegate.swift in Sources */,
				8254C7EF1C262969009DB3BD /* AppzViewController.swift in Sources */,
				8254C7ED1C262943009DB3BD /* DatezViewController.swift in Sources */,
			);
			runOnlyForDeploymentPostprocessing = 0;
		};
/* End PBXSourcesBuildPhase section */

/* Begin PBXVariantGroup section */
		8254C7DC1C26264A009DB3BD /* Main.storyboard */ = {
			isa = PBXVariantGroup;
			children = (
				8254C7DD1C26264A009DB3BD /* Base */,
			);
			name = Main.storyboard;
			sourceTree = "<group>";
		};
		8254C7E11C26264A009DB3BD /* LaunchScreen.storyboard */ = {
			isa = PBXVariantGroup;
			children = (
				8254C7E21C26264A009DB3BD /* Base */,
			);
			name = LaunchScreen.storyboard;
			sourceTree = "<group>";
		};
/* End PBXVariantGroup section */

/* Begin XCBuildConfiguration section */
		8254C7E51C26264A009DB3BD /* Debug */ = {
			isa = XCBuildConfiguration;
			buildSettings = {
				ALWAYS_SEARCH_USER_PATHS = NO;
				CLANG_CXX_LANGUAGE_STANDARD = "gnu++0x";
				CLANG_CXX_LIBRARY = "libc++";
				CLANG_ENABLE_MODULES = YES;
				CLANG_ENABLE_OBJC_ARC = YES;
				CLANG_WARN_BOOL_CONVERSION = YES;
				CLANG_WARN_CONSTANT_CONVERSION = YES;
				CLANG_WARN_DIRECT_OBJC_ISA_USAGE = YES_ERROR;
				CLANG_WARN_EMPTY_BODY = YES;
				CLANG_WARN_ENUM_CONVERSION = YES;
				CLANG_WARN_INT_CONVERSION = YES;
				CLANG_WARN_OBJC_ROOT_CLASS = YES_ERROR;
				CLANG_WARN_UNREACHABLE_CODE = YES;
				CLANG_WARN__DUPLICATE_METHOD_MATCH = YES;
				"CODE_SIGN_IDENTITY[sdk=iphoneos*]" = "iPhone Developer";
				COPY_PHASE_STRIP = NO;
				DEBUG_INFORMATION_FORMAT = dwarf;
				ENABLE_STRICT_OBJC_MSGSEND = YES;
				ENABLE_TESTABILITY = YES;
				GCC_C_LANGUAGE_STANDARD = gnu99;
				GCC_DYNAMIC_NO_PIC = NO;
				GCC_NO_COMMON_BLOCKS = YES;
				GCC_OPTIMIZATION_LEVEL = 0;
				GCC_PREPROCESSOR_DEFINITIONS = (
					"DEBUG=1",
					"$(inherited)",
				);
				GCC_WARN_64_TO_32_BIT_CONVERSION = YES;
				GCC_WARN_ABOUT_RETURN_TYPE = YES_ERROR;
				GCC_WARN_UNDECLARED_SELECTOR = YES;
				GCC_WARN_UNINITIALIZED_AUTOS = YES_AGGRESSIVE;
				GCC_WARN_UNUSED_FUNCTION = YES;
				GCC_WARN_UNUSED_VARIABLE = YES;
				IPHONEOS_DEPLOYMENT_TARGET = 9.2;
				MTL_ENABLE_DEBUG_INFO = YES;
				ONLY_ACTIVE_ARCH = YES;
				SDKROOT = iphoneos;
				SWIFT_OPTIMIZATION_LEVEL = "-Onone";
			};
			name = Debug;
		};
		8254C7E61C26264A009DB3BD /* Release */ = {
			isa = XCBuildConfiguration;
			buildSettings = {
				ALWAYS_SEARCH_USER_PATHS = NO;
				CLANG_CXX_LANGUAGE_STANDARD = "gnu++0x";
				CLANG_CXX_LIBRARY = "libc++";
				CLANG_ENABLE_MODULES = YES;
				CLANG_ENABLE_OBJC_ARC = YES;
				CLANG_WARN_BOOL_CONVERSION = YES;
				CLANG_WARN_CONSTANT_CONVERSION = YES;
				CLANG_WARN_DIRECT_OBJC_ISA_USAGE = YES_ERROR;
				CLANG_WARN_EMPTY_BODY = YES;
				CLANG_WARN_ENUM_CONVERSION = YES;
				CLANG_WARN_INT_CONVERSION = YES;
				CLANG_WARN_OBJC_ROOT_CLASS = YES_ERROR;
				CLANG_WARN_UNREACHABLE_CODE = YES;
				CLANG_WARN__DUPLICATE_METHOD_MATCH = YES;
				"CODE_SIGN_IDENTITY[sdk=iphoneos*]" = "iPhone Developer";
				COPY_PHASE_STRIP = NO;
				DEBUG_INFORMATION_FORMAT = "dwarf-with-dsym";
				ENABLE_NS_ASSERTIONS = NO;
				ENABLE_STRICT_OBJC_MSGSEND = YES;
				GCC_C_LANGUAGE_STANDARD = gnu99;
				GCC_NO_COMMON_BLOCKS = YES;
				GCC_WARN_64_TO_32_BIT_CONVERSION = YES;
				GCC_WARN_ABOUT_RETURN_TYPE = YES_ERROR;
				GCC_WARN_UNDECLARED_SELECTOR = YES;
				GCC_WARN_UNINITIALIZED_AUTOS = YES_AGGRESSIVE;
				GCC_WARN_UNUSED_FUNCTION = YES;
				GCC_WARN_UNUSED_VARIABLE = YES;
				IPHONEOS_DEPLOYMENT_TARGET = 9.2;
				MTL_ENABLE_DEBUG_INFO = NO;
				SDKROOT = iphoneos;
				VALIDATE_PRODUCT = YES;
			};
			name = Release;
		};
		8254C7E81C26264A009DB3BD /* Debug */ = {
			isa = XCBuildConfiguration;
			baseConfigurationReference = 30636EBEB7789DB6B69D9258 /* Pods-Kitz.debug.xcconfig */;
			buildSettings = {
				ASSETCATALOG_COMPILER_APPICON_NAME = AppIcon;
				INFOPLIST_FILE = Kitz/Info.plist;
				LD_RUNPATH_SEARCH_PATHS = "$(inherited) @executable_path/Frameworks";
				PRODUCT_BUNDLE_IDENTIFIER = io.kitz.Kitz;
				PRODUCT_NAME = "$(TARGET_NAME)";
			};
			name = Debug;
		};
		8254C7E91C26264A009DB3BD /* Release */ = {
			isa = XCBuildConfiguration;
			baseConfigurationReference = 13E80D95A120E9D4EE47AAA8 /* Pods-Kitz.release.xcconfig */;
			buildSettings = {
				ASSETCATALOG_COMPILER_APPICON_NAME = AppIcon;
				INFOPLIST_FILE = Kitz/Info.plist;
				LD_RUNPATH_SEARCH_PATHS = "$(inherited) @executable_path/Frameworks";
				PRODUCT_BUNDLE_IDENTIFIER = io.kitz.Kitz;
				PRODUCT_NAME = "$(TARGET_NAME)";
			};
			name = Release;
		};
/* End XCBuildConfiguration section */

/* Begin XCConfigurationList section */
		8254C7CE1C26264A009DB3BD /* Build configuration list for PBXProject "Kitz" */ = {
			isa = XCConfigurationList;
			buildConfigurations = (
				8254C7E51C26264A009DB3BD /* Debug */,
				8254C7E61C26264A009DB3BD /* Release */,
			);
			defaultConfigurationIsVisible = 0;
			defaultConfigurationName = Release;
		};
		8254C7E71C26264A009DB3BD /* Build configuration list for PBXNativeTarget "Kitz" */ = {
			isa = XCConfigurationList;
			buildConfigurations = (
				8254C7E81C26264A009DB3BD /* Debug */,
				8254C7E91C26264A009DB3BD /* Release */,
			);
			defaultConfigurationIsVisible = 0;
			defaultConfigurationName = Release;
		};
/* End XCConfigurationList section */
	};
	rootObject = 8254C7CB1C26264A009DB3BD /* Project object */;
}
